Microsoft Visual Studio Solution File, Format Version 11.00
# Visual Studio 2010
Project("{FAE04EC0-301F-11D3-BF4B-00C04F79EFBC}") = "Assembly-CSharp", "Assembly-CSharp.csproj", "{F4BCCDED-322A-2632-2F3E-6AB9CD7A270C}"
EndProject
Project("{FAE04EC0-301F-11D3-BF4B-00C04F79EFBC}") = "Assembly-CSharp-Editor", "Assembly-CSharp-Editor.csproj", "{1590E31E-77AF-B048-3B9B-08BCEED3A52B}"
EndProject
Global
	GlobalSection(SolutionConfigurationPlatforms) = preSolution
		Debug|Any CPU = Debug|Any CPU
		Release|Any CPU = Release|Any CPU
	EndGlobalSection
	GlobalSection(ProjectConfigurationPlatforms) = postSolution
		{F4BCCDED-322A-2632-2F3E-6AB9CD7A270C}.Debug|Any CPU.ActiveCfg = Debug|Any CPU
		{F4BCCDED-322A-2632-2F3E-6AB9CD7A270C}.Debug|Any CPU.Build.0 = Debug|Any CPU
		{F4BCCDED-322A-2632-2F3E-6AB9CD7A270C}.Release|Any CPU.ActiveCfg = Release|Any CPU
		{F4BCCDED-322A-2632-2F3E-6AB9CD7A270C}.Release|Any CPU.Build.0 = Release|Any CPU
		{1590E31E-77AF-B048-3B9B-08BCEED3A52B}.Debug|Any CPU.ActiveCfg = Debug|Any CPU
		{1590E31E-77AF-B048-3B9B-08BCEED3A52B}.Debug|Any CPU.Build.0 = Debug|Any CPU
		{1590E31E-77AF-B048-3B9B-08BCEED3A52B}.Release|Any CPU.ActiveCfg = Release|Any CPU
		{1590E31E-77AF-B048-3B9B-08BCEED3A52B}.Release|Any CPU.Build.0 = Release|Any CPU
	EndGlobalSection
	GlobalSection(SolutionProperties) = preSolution
		HideSolutionNode = FALSE
	EndGlobalSection
	GlobalSection(MonoDevelopProperties) = preSolution
		StartupItem = Assembly-CSharp.csproj
	EndGlobalSection
EndGlobal
